
Microsoft Visual Studio Solution File, Format Version 12.00
# Visual Studio Version 17
VisualStudioVersion = 17.7.33808.371
MinimumVisualStudioVersion = 10.0.40219.1
Project("{9A19103F-16F7-4668-BE54-9A1E7A4F7556}") = "ISAT.Server", "Server\ISAT.Server.csproj", "{0EFA44B0-2452-4576-AAB6-516079D1C34F}"
EndProject
Project("{9A19103F-16F7-4668-BE54-9A1E7A4F7556}") = "ISAT.Client", "Client\ISAT.Client.csproj", "{418888A0-2496-4E48-962E-E697F9752BEF}"
EndProject
Project("{9A19103F-16F7-4668-BE54-9A1E7A4F7556}") = "ISAT.Shared", "Shared\ISAT.Shared.csproj", "{3F0C997B-2CCA-450C-87CB-2F78F6CE54D3}"
EndProject
Global
	GlobalSection(SolutionConfigurationPlatforms) = preSolution
		Debug|Any CPU = Debug|Any CPU
		Release|Any CPU = Release|Any CPU
	EndGlobalSection
	GlobalSection(ProjectConfigurationPlatforms) = postSolution
		{0EFA44B0-2452-4576-AAB6-516079D1C34F}.Debug|Any CPU.ActiveCfg = Debug|Any CPU
		{0EFA44B0-2452-4576-AAB6-516079D1C34F}.Debug|Any CPU.Build.0 = Debug|Any CPU
		{0EFA44B0-2452-4576-AAB6-516079D1C34F}.Release|Any CPU.ActiveCfg = Release|Any CPU
		{0EFA44B0-2452-4576-AAB6-516079D1C34F}.Release|Any CPU.Build.0 = Release|Any CPU
		{418888A0-2496-4E48-962E-E697F9752BEF}.Debug|Any CPU.ActiveCfg = Debug|Any CPU
		{418888A0-2496-4E48-962E-E697F9752BEF}.Debug|Any CPU.Build.0 = Debug|Any CPU
		{418888A0-2496-4E48-962E-E697F9752BEF}.Release|Any CPU.ActiveCfg = Release|Any CPU
		{418888A0-2496-4E48-962E-E697F9752BEF}.Release|Any CPU.Build.0 = Release|Any CPU
		{3F0C997B-2CCA-450C-87CB-2F78F6CE54D3}.Debug|Any CPU.ActiveCfg = Debug|Any CPU
		{3F0C997B-2CCA-450C-87CB-2F78F6CE54D3}.Debug|Any CPU.Build.0 = Debug|Any CPU
		{3F0C997B-2CCA-450C-87CB-2F78F6CE54D3}.Release|Any CPU.ActiveCfg = Release|Any CPU
		{3F0C997B-2CCA-450C-87CB-2F78F6CE54D3}.Release|Any CPU.Build.0 = Release|Any CPU
	EndGlobalSection
	GlobalSection(SolutionProperties) = preSolution
		HideSolutionNode = FALSE
	EndGlobalSection
	GlobalSection(ExtensibilityGlobals) = postSolution
		SolutionGuid = {734E33CB-0D9C-4AFE-8C22-4A9D55E0F81A}
	EndGlobalSection
EndGlobal
